
Microsoft Visual Studio Solution File, Format Version 12.00
# Visual Studio Version 17
VisualStudioVersion = 17.5.33502.453
MinimumVisualStudioVersion = 10.0.40219.1
Project("{8BC9CEB8-8B4A-11D0-8D11-00A0C91BC942}") = "Memberinlist_167", "ParadigmaOOP_167\ParadigmaOOP_167.vcxproj", "{33A75545-7434-4348-B9A4-FCC2EB35EF29}"
EndProject
Project("{8BC9CEB8-8B4A-11D0-8D11-00A0C91BC942}") = "mainIA_167", "mainIA_167\mainIA_167.vcxproj", "{FB7FE76C-1600-4A1A-99AB-C3E5AD588BC3}"
EndProject
Project("{8BC9CEB8-8B4A-11D0-8D11-00A0C91BC942}") = "Asosiasi_167", "Asosiasi_167\Asosiasi_167.vcxproj", "{8F24E1CC-1476-4EA2-B5A5-D384D72E791E}"
EndProject
Project("{8BC9CEB8-8B4A-11D0-8D11-00A0C91BC942}") = "MainJM_167", "MainJM_167\MainJM_167.vcxproj", "{D89E6D15-64FA-4903-A7C4-D48BA5AC2E5D}"
EndProject
Global
	GlobalSection(SolutionConfigurationPlatforms) = preSolution
		Debug|x64 = Debug|x64
		Debug|x86 = Debug|x86
		Release|x64 = Release|x64
		Release|x86 = Release|x86
	EndGlobalSection
	GlobalSection(ProjectConfigurationPlatforms) = postSolution
		{33A75545-7434-4348-B9A4-FCC2EB35EF29}.Debug|x64.ActiveCfg = Debug|x64
		{33A75545-7434-4348-B9A4-FCC2EB35EF29}.Debug|x64.Build.0 = Debug|x64
		{33A75545-7434-4348-B9A4-FCC2EB35EF29}.Debug|x86.ActiveCfg = Debug|Win32
		{33A75545-7434-4348-B9A4-FCC2EB35EF29}.Debug|x86.Build.0 = Debug|Win32
		{33A75545-7434-4348-B9A4-FCC2EB35EF29}.Release|x64.ActiveCfg = Release|x64
		{33A75545-7434-4348-B9A4-FCC2EB35EF29}.Release|x64.Build.0 = Release|x64
		{33A75545-7434-4348-B9A4-FCC2EB35EF29}.Release|x86.ActiveCfg = Release|Win32
		{33A75545-7434-4348-B9A4-FCC2EB35EF29}.Release|x86.Build.0 = Release|Win32
		{FB7FE76C-1600-4A1A-99AB-C3E5AD588BC3}.Debug|x64.ActiveCfg = Debug|x64
		{FB7FE76C-1600-4A1A-99AB-C3E5AD588BC3}.Debug|x64.Build.0 = Debug|x64
		{FB7FE76C-1600-4A1A-99AB-C3E5AD588BC3}.Debug|x86.ActiveCfg = Debug|Win32
		{FB7FE76C-1600-4A1A-99AB-C3E5AD588BC3}.Debug|x86.Build.0 = Debug|Win32
		{FB7FE76C-1600-4A1A-99AB-C3E5AD588BC3}.Release|x64.ActiveCfg = Release|x64
		{FB7FE76C-1600-4A1A-99AB-C3E5AD588BC3}.Release|x64.Build.0 = Release|x64
		{FB7FE76C-1600-4A1A-99AB-C3E5AD588BC3}.Release|x86.ActiveCfg = Release|Win32
		{FB7FE76C-1600-4A1A-99AB-C3E5AD588BC3}.Release|x86.Build.0 = Release|Win32
		{8F24E1CC-1476-4EA2-B5A5-D384D72E791E}.Debug|x64.ActiveCfg = Debug|x64
		{8F24E1CC-1476-4EA2-B5A5-D384D72E791E}.Debug|x64.Build.0 = Debug|x64
		{8F24E1CC-1476-4EA2-B5A5-D384D72E791E}.Debug|x86.ActiveCfg = Debug|Win32
		{8F24E1CC-1476-4EA2-B5A5-D384D72E791E}.Debug|x86.Build.0 = Debug|Win32
		{8F24E1CC-1476-4EA2-B5A5-D384D72E791E}.Release|x64.ActiveCfg = Release|x64
		{8F24E1CC-1476-4EA2-B5A5-D384D72E791E}.Release|x64.Build.0 = Release|x64
		{8F24E1CC-1476-4EA2-B5A5-D384D72E791E}.Release|x86.ActiveCfg = Release|Win32
		{8F24E1CC-1476-4EA2-B5A5-D384D72E791E}.Release|x86.Build.0 = Release|Win32
		{D89E6D15-64FA-4903-A7C4-D48BA5AC2E5D}.Debug|x64.ActiveCfg = Debug|x64
		{D89E6D15-64FA-4903-A7C4-D48BA5AC2E5D}.Debug|x64.Build.0 = Debug|x64
		{D89E6D15-64FA-4903-A7C4-D48BA5AC2E5D}.Debug|x86.ActiveCfg = Debug|Win32
		{D89E6D15-64FA-4903-A7C4-D48BA5AC2E5D}.Debug|x86.Build.0 = Debug|Win32
		{D89E6D15-64FA-4903-A7C4-D48BA5AC2E5D}.Release|x64.ActiveCfg = Release|x64
		{D89E6D15-64FA-4903-A7C4-D48BA5AC2E5D}.Release|x64.Build.0 = Release|x64
		{D89E6D15-64FA-4903-A7C4-D48BA5AC2E5D}.Release|x86.ActiveCfg = Release|Win32
		{D89E6D15-64FA-4903-A7C4-D48BA5AC2E5D}.Release|x86.Build.0 = Release|Win32
	EndGlobalSection
	GlobalSection(SolutionProperties) = preSolution
		HideSolutionNode = FALSE
	EndGlobalSection
	GlobalSection(ExtensibilityGlobals) = postSolution
		SolutionGuid = {0617428B-957F-4227-AB0A-63E4B6EC6DCB}
	EndGlobalSection
EndGlobal
